// !$*UTF8*$!
{
	archiveVersion = 1;
	classes = {
	};
	objectVersion = 56;
	objects = {

/* Begin PBXBuildFile section */
		3A5610D72957A8C3005F9760 /* AuthManager.swift in Sources */ = {isa = PBXBuildFile; fileRef = 3A5610D62957A8C3005F9760 /* AuthManager.swift */; };
		3A5610DA2957AE1F005F9760 /* Constants.swift in Sources */ = {isa = PBXBuildFile; fileRef = 3A5610D92957AE1E005F9760 /* Constants.swift */; };
		3A5610DC29586F44005F9760 /* AuthViewController.swift in Sources */ = {isa = PBXBuildFile; fileRef = 3A5610DB29586F44005F9760 /* AuthViewController.swift */; };
		3A5610DF29587EE5005F9760 /* AuthResponse.swift in Sources */ = {isa = PBXBuildFile; fileRef = 3A5610DE29587EE5005F9760 /* AuthResponse.swift */; };
		3A5610E329588211005F9760 /* DummyViewController.swift in Sources */ = {isa = PBXBuildFile; fileRef = 3A5610E229588211005F9760 /* DummyViewController.swift */; };
		842E4CC1297304A900F4E230 /* AppTabBarController.swift in Sources */ = {isa = PBXBuildFile; fileRef = 842E4CC0297304A900F4E230 /* AppTabBarController.swift */; };
		843EFC33296C647F00BBDF47 /* SearchViewController.swift in Sources */ = {isa = PBXBuildFile; fileRef = 843EFC32296C647F00BBDF47 /* SearchViewController.swift */; };
		843EFC35296C64F900BBDF47 /* SearchView.swift in Sources */ = {isa = PBXBuildFile; fileRef = 843EFC34296C64F900BBDF47 /* SearchView.swift */; };
		843EFC37296C651100BBDF47 /* SearchViewModel.swift in Sources */ = {isa = PBXBuildFile; fileRef = 843EFC36296C651100BBDF47 /* SearchViewModel.swift */; };
		84459D48294A8EEB00429C3D /* SceneDelegate.swift in Sources */ = {isa = PBXBuildFile; fileRef = 84459D3C294A8EE800429C3D /* SceneDelegate.swift */; };
		84459D49294A8EEB00429C3D /* Shapify.xcdatamodeld in Sources */ = {isa = PBXBuildFile; fileRef = 84459D3D294A8EE900429C3D /* Shapify.xcdatamodeld */; };
		84459D4D294A8EEB00429C3D /* Assets.xcassets in Resources */ = {isa = PBXBuildFile; fileRef = 84459D45294A8EEA00429C3D /* Assets.xcassets */; };
		84459D4E294A8EEB00429C3D /* AppDelegate.swift in Sources */ = {isa = PBXBuildFile; fileRef = 84459D46294A8EEA00429C3D /* AppDelegate.swift */; };
		84704DC22968AD760008BF40 /* SignInViewController.swift in Sources */ = {isa = PBXBuildFile; fileRef = 84704DC12968AD760008BF40 /* SignInViewController.swift */; };
		84704DC42968AD9E0008BF40 /* SignInView.swift in Sources */ = {isa = PBXBuildFile; fileRef = 84704DC32968AD9E0008BF40 /* SignInView.swift */; };
		84704DC62968B19F0008BF40 /* UIViewExtensions.swift in Sources */ = {isa = PBXBuildFile; fileRef = 84704DC52968B19F0008BF40 /* UIViewExtensions.swift */; };
		847C67F9296F82A9006CD678 /* CollectionViewController.swift in Sources */ = {isa = PBXBuildFile; fileRef = 847C67F8296F82A9006CD678 /* CollectionViewController.swift */; };
		848BC8862958F5E90090B4A8 /* ColorExtensions.swift in Sources */ = {isa = PBXBuildFile; fileRef = 848BC8852958F5E90090B4A8 /* ColorExtensions.swift */; };
		848BC8882958F9F70090B4A8 /* UIViewControllerExtensions.swift in Sources */ = {isa = PBXBuildFile; fileRef = 848BC8872958F9F70090B4A8 /* UIViewControllerExtensions.swift */; };
		848BC88A2958FA1E0090B4A8 /* NumberExtensions.swift in Sources */ = {isa = PBXBuildFile; fileRef = 848BC8892958FA1E0090B4A8 /* NumberExtensions.swift */; };
		848BC88C2958FA9D0090B4A8 /* Then.swift in Sources */ = {isa = PBXBuildFile; fileRef = 848BC88B2958FA9D0090B4A8 /* Then.swift */; };
		848BC88F2958FAD00090B4A8 /* PopupView.swift in Sources */ = {isa = PBXBuildFile; fileRef = 848BC88E2958FAD00090B4A8 /* PopupView.swift */; };
		848BC8912958FAFA0090B4A8 /* BaseView.swift in Sources */ = {isa = PBXBuildFile; fileRef = 848BC8902958FAFA0090B4A8 /* BaseView.swift */; };
		848BC8932958FFCC0090B4A8 /* PopupViewController.swift in Sources */ = {isa = PBXBuildFile; fileRef = 848BC8922958FFCC0090B4A8 /* PopupViewController.swift */; };
		84E6688F294B27B4002A1587 /* LaunchScreen.storyboard in Resources */ = {isa = PBXBuildFile; fileRef = 84459D41294A8EE900429C3D /* LaunchScreen.storyboard */; };
		84E66890294B27B4002A1587 /* Main.storyboard in Resources */ = {isa = PBXBuildFile; fileRef = 84459D43294A8EE900429C3D /* Main.storyboard */; };
		84E66893294B285F002A1587 /* Spoof-Regular.ttf in Resources */ = {isa = PBXBuildFile; fileRef = 84E66891294B285F002A1587 /* Spoof-Regular.ttf */; };
		84E66894294B285F002A1587 /* Spoof-Bold.ttf in Resources */ = {isa = PBXBuildFile; fileRef = 84E66892294B285F002A1587 /* Spoof-Bold.ttf */; };
		84E66897294B28C6002A1587 /* FontExtensions.swift in Sources */ = {isa = PBXBuildFile; fileRef = 84E66896294B28C6002A1587 /* FontExtensions.swift */; };
		8670D27529635F7600885A39 /* RoundedButtonExtension.swift in Sources */ = {isa = PBXBuildFile; fileRef = 8670D27429635F7600885A39 /* RoundedButtonExtension.swift */; };
		8670D27829698A4100885A39 /* BaseViewController.swift in Sources */ = {isa = PBXBuildFile; fileRef = 8670D27729698A4100885A39 /* BaseViewController.swift */; };
/* End PBXBuildFile section */

/* Begin PBXFileReference section */
		3A5610D62957A8C3005F9760 /* AuthManager.swift */ = {isa = PBXFileReference; lastKnownFileType = sourcecode.swift; path = AuthManager.swift; sourceTree = "<group>"; };
		3A5610D92957AE1E005F9760 /* Constants.swift */ = {isa = PBXFileReference; lastKnownFileType = sourcecode.swift; path = Constants.swift; sourceTree = "<group>"; };
		3A5610DB29586F44005F9760 /* AuthViewController.swift */ = {isa = PBXFileReference; lastKnownFileType = sourcecode.swift; path = AuthViewController.swift; sourceTree = "<group>"; };
		3A5610DE29587EE5005F9760 /* AuthResponse.swift */ = {isa = PBXFileReference; lastKnownFileType = sourcecode.swift; path = AuthResponse.swift; sourceTree = "<group>"; };
		3A5610E229588211005F9760 /* DummyViewController.swift */ = {isa = PBXFileReference; lastKnownFileType = sourcecode.swift; path = DummyViewController.swift; sourceTree = "<group>"; };
		842E4CC0297304A900F4E230 /* AppTabBarController.swift */ = {isa = PBXFileReference; lastKnownFileType = sourcecode.swift; path = AppTabBarController.swift; sourceTree = "<group>"; };
		843EFC32296C647F00BBDF47 /* SearchViewController.swift */ = {isa = PBXFileReference; lastKnownFileType = sourcecode.swift; path = SearchViewController.swift; sourceTree = "<group>"; };
		843EFC34296C64F900BBDF47 /* SearchView.swift */ = {isa = PBXFileReference; lastKnownFileType = sourcecode.swift; path = SearchView.swift; sourceTree = "<group>"; };
		843EFC36296C651100BBDF47 /* SearchViewModel.swift */ = {isa = PBXFileReference; lastKnownFileType = sourcecode.swift; path = SearchViewModel.swift; sourceTree = "<group>"; };
		84459D22294A8E0700429C3D /* Shapify.app */ = {isa = PBXFileReference; explicitFileType = wrapper.application; includeInIndex = 0; path = Shapify.app; sourceTree = BUILT_PRODUCTS_DIR; };
		84459D3C294A8EE800429C3D /* SceneDelegate.swift */ = {isa = PBXFileReference; fileEncoding = 4; lastKnownFileType = sourcecode.swift; path = SceneDelegate.swift; sourceTree = "<group>"; };
		84459D3E294A8EE900429C3D /* Shapify.xcdatamodel */ = {isa = PBXFileReference; lastKnownFileType = wrapper.xcdatamodel; path = Shapify.xcdatamodel; sourceTree = "<group>"; };
		84459D41294A8EE900429C3D /* LaunchScreen.storyboard */ = {isa = PBXFileReference; lastKnownFileType = file.storyboard; path = LaunchScreen.storyboard; sourceTree = "<group>"; };
		84459D43294A8EE900429C3D /* Main.storyboard */ = {isa = PBXFileReference; lastKnownFileType = file.storyboard; path = Main.storyboard; sourceTree = "<group>"; };
		84459D44294A8EE900429C3D /* Info.plist */ = {isa = PBXFileReference; fileEncoding = 4; lastKnownFileType = text.plist.xml; path = Info.plist; sourceTree = "<group>"; };
		84459D45294A8EEA00429C3D /* Assets.xcassets */ = {isa = PBXFileReference; lastKnownFileType = folder.assetcatalog; path = Assets.xcassets; sourceTree = "<group>"; };
		84459D46294A8EEA00429C3D /* AppDelegate.swift */ = {isa = PBXFileReference; fileEncoding = 4; lastKnownFileType = sourcecode.swift; path = AppDelegate.swift; sourceTree = "<group>"; };
		84704DC12968AD760008BF40 /* SignInViewController.swift */ = {isa = PBXFileReference; lastKnownFileType = sourcecode.swift; path = SignInViewController.swift; sourceTree = "<group>"; };
		84704DC32968AD9E0008BF40 /* SignInView.swift */ = {isa = PBXFileReference; lastKnownFileType = sourcecode.swift; path = SignInView.swift; sourceTree = "<group>"; };
		84704DC52968B19F0008BF40 /* UIViewExtensions.swift */ = {isa = PBXFileReference; lastKnownFileType = sourcecode.swift; path = UIViewExtensions.swift; sourceTree = "<group>"; };
		847C67F8296F82A9006CD678 /* CollectionViewController.swift */ = {isa = PBXFileReference; lastKnownFileType = sourcecode.swift; path = CollectionViewController.swift; sourceTree = "<group>"; };
		848BC8852958F5E90090B4A8 /* ColorExtensions.swift */ = {isa = PBXFileReference; lastKnownFileType = sourcecode.swift; path = ColorExtensions.swift; sourceTree = "<group>"; };
		848BC8872958F9F70090B4A8 /* UIViewControllerExtensions.swift */ = {isa = PBXFileReference; lastKnownFileType = sourcecode.swift; path = UIViewControllerExtensions.swift; sourceTree = "<group>"; };
		848BC8892958FA1E0090B4A8 /* NumberExtensions.swift */ = {isa = PBXFileReference; lastKnownFileType = sourcecode.swift; path = NumberExtensions.swift; sourceTree = "<group>"; };
		848BC88B2958FA9D0090B4A8 /* Then.swift */ = {isa = PBXFileReference; fileEncoding = 4; lastKnownFileType = sourcecode.swift; path = Then.swift; sourceTree = "<group>"; };
		848BC88E2958FAD00090B4A8 /* PopupView.swift */ = {isa = PBXFileReference; lastKnownFileType = sourcecode.swift; path = PopupView.swift; sourceTree = "<group>"; };
		848BC8902958FAFA0090B4A8 /* BaseView.swift */ = {isa = PBXFileReference; lastKnownFileType = sourcecode.swift; path = BaseView.swift; sourceTree = "<group>"; };
		848BC8922958FFCC0090B4A8 /* PopupViewController.swift */ = {isa = PBXFileReference; lastKnownFileType = sourcecode.swift; path = PopupViewController.swift; sourceTree = "<group>"; };
		84E66891294B285F002A1587 /* Spoof-Regular.ttf */ = {isa = PBXFileReference; lastKnownFileType = file; path = "Spoof-Regular.ttf"; sourceTree = "<group>"; };
		84E66892294B285F002A1587 /* Spoof-Bold.ttf */ = {isa = PBXFileReference; lastKnownFileType = file; path = "Spoof-Bold.ttf"; sourceTree = "<group>"; };
		84E66896294B28C6002A1587 /* FontExtensions.swift */ = {isa = PBXFileReference; lastKnownFileType = sourcecode.swift; path = FontExtensions.swift; sourceTree = "<group>"; };
		8670D27429635F7600885A39 /* RoundedButtonExtension.swift */ = {isa = PBXFileReference; lastKnownFileType = sourcecode.swift; path = RoundedButtonExtension.swift; sourceTree = "<group>"; };
		8670D27729698A4100885A39 /* BaseViewController.swift */ = {isa = PBXFileReference; lastKnownFileType = sourcecode.swift; path = BaseViewController.swift; sourceTree = "<group>"; };
/* End PBXFileReference section */

/* Begin PBXFrameworksBuildPhase section */
		84459D1F294A8E0700429C3D /* Frameworks */ = {
			isa = PBXFrameworksBuildPhase;
			buildActionMask = 2147483647;
			files = (
			);
			runOnlyForDeploymentPostprocessing = 0;
		};
/* End PBXFrameworksBuildPhase section */

/* Begin PBXGroup section */
		3A5610D52957A8B6005F9760 /* Managers */ = {
			isa = PBXGroup;
			children = (
				3A5610D62957A8C3005F9760 /* AuthManager.swift */,
			);
			path = Managers;
			sourceTree = "<group>";
		};
		3A5610D82957AE00005F9760 /* Fonts */ = {
			isa = PBXGroup;
			children = (
				84E66892294B285F002A1587 /* Spoof-Bold.ttf */,
				84E66891294B285F002A1587 /* Spoof-Regular.ttf */,
			);
			path = Fonts;
			sourceTree = "<group>";
		};
		3A5610DD29587ED8005F9760 /* Models */ = {
			isa = PBXGroup;
			children = (
				3A5610DE29587EE5005F9760 /* AuthResponse.swift */,
			);
			path = Models;
			sourceTree = "<group>";
		};
		843EFC31296C647300BBDF47 /* Search */ = {
			isa = PBXGroup;
			children = (
				843EFC32296C647F00BBDF47 /* SearchViewController.swift */,
				843EFC34296C64F900BBDF47 /* SearchView.swift */,
				843EFC36296C651100BBDF47 /* SearchViewModel.swift */,
			);
			path = Search;
			sourceTree = "<group>";
		};
		84459D19294A8E0700429C3D = {
			isa = PBXGroup;
			children = (
				847C67F7296F8297006CD678 /* Collection */,
				843EFC31296C647300BBDF47 /* Search */,
				84704DBE2968AD440008BF40 /* SignIn */,
				3A5610E229588211005F9760 /* DummyViewController.swift */,
				3A5610DD29587ED8005F9760 /* Models */,
				3A5610DB29586F44005F9760 /* AuthViewController.swift */,
				3A5610D92957AE1E005F9760 /* Constants.swift */,
				3A5610D52957A8B6005F9760 /* Managers */,
				84E66895294B28B4002A1587 /* Supplementary */,
				84459D50294A91DF00429C3D /* Common */,
				84459D23294A8E0700429C3D /* Products */,
			);
			sourceTree = "<group>";
		};
		84459D23294A8E0700429C3D /* Products */ = {
			isa = PBXGroup;
			children = (
				84459D22294A8E0700429C3D /* Shapify.app */,
			);
			name = Products;
			sourceTree = "<group>";
		};
		84459D50294A91DF00429C3D /* Common */ = {
			isa = PBXGroup;
			children = (
				3A5610D82957AE00005F9760 /* Fonts */,
				84459D46294A8EEA00429C3D /* AppDelegate.swift */,
				84459D45294A8EEA00429C3D /* Assets.xcassets */,
				84459D41294A8EE900429C3D /* LaunchScreen.storyboard */,
				84459D43294A8EE900429C3D /* Main.storyboard */,
				84459D44294A8EE900429C3D /* Info.plist */,
				84459D3C294A8EE800429C3D /* SceneDelegate.swift */,
				84459D3D294A8EE900429C3D /* Shapify.xcdatamodeld */,
			);
			path = Common;
			sourceTree = "<group>";
		};
		84704DBE2968AD440008BF40 /* SignIn */ = {
			isa = PBXGroup;
			children = (
				84704DC12968AD760008BF40 /* SignInViewController.swift */,
				84704DC32968AD9E0008BF40 /* SignInView.swift */,
			);
			path = SignIn;
			sourceTree = "<group>";
		};
		847C67F7296F8297006CD678 /* Collection */ = {
			isa = PBXGroup;
			children = (
				847C67F8296F82A9006CD678 /* CollectionViewController.swift */,
			);
			path = Collection;
			sourceTree = "<group>";
		};
		848BC88D2958FAC50090B4A8 /* Popup */ = {
			isa = PBXGroup;
			children = (
				848BC88E2958FAD00090B4A8 /* PopupView.swift */,
				848BC8922958FFCC0090B4A8 /* PopupViewController.swift */,
			);
			path = Popup;
			sourceTree = "<group>";
		};
		84E66895294B28B4002A1587 /* Supplementary */ = {
			isa = PBXGroup;
			children = (
				8670D27629698A1C00885A39 /* BaseViewController */,
				8670D27329635EDC00885A39 /* Button */,
				848BC88D2958FAC50090B4A8 /* Popup */,
				848BC88B2958FA9D0090B4A8 /* Then.swift */,
				84E66896294B28C6002A1587 /* FontExtensions.swift */,
				848BC8852958F5E90090B4A8 /* ColorExtensions.swift */,
				848BC8872958F9F70090B4A8 /* UIViewControllerExtensions.swift */,
				848BC8892958FA1E0090B4A8 /* NumberExtensions.swift */,
				848BC8902958FAFA0090B4A8 /* BaseView.swift */,
				84704DC52968B19F0008BF40 /* UIViewExtensions.swift */,
				842E4CC0297304A900F4E230 /* AppTabBarController.swift */,
			);
			path = Supplementary;
			sourceTree = "<group>";
		};
		8670D27329635EDC00885A39 /* Button */ = {
			isa = PBXGroup;
			children = (
				8670D27429635F7600885A39 /* RoundedButtonExtension.swift */,
			);
			path = Button;
			sourceTree = "<group>";
		};
		8670D27629698A1C00885A39 /* BaseViewController */ = {
			isa = PBXGroup;
			children = (
				8670D27729698A4100885A39 /* BaseViewController.swift */,
			);
			path = BaseViewController;
			sourceTree = "<group>";
		};
/* End PBXGroup section */

/* Begin PBXNativeTarget section */
		84459D21294A8E0700429C3D /* Shapify */ = {
			isa = PBXNativeTarget;
			buildConfigurationList = 84459D39294A8E0900429C3D /* Build configuration list for PBXNativeTarget "Shapify" */;
			buildPhases = (
				84459D1E294A8E0700429C3D /* Sources */,
				84459D1F294A8E0700429C3D /* Frameworks */,
				84459D20294A8E0700429C3D /* Resources */,
			);
			buildRules = (
			);
			dependencies = (
			);
			name = Shapify;
			productName = Shapify;
			productReference = 84459D22294A8E0700429C3D /* Shapify.app */;
			productType = "com.apple.product-type.application";
		};
/* End PBXNativeTarget section */

/* Begin PBXProject section */
		84459D1A294A8E0700429C3D /* Project object */ = {
			isa = PBXProject;
			attributes = {
				BuildIndependentTargetsInParallel = 1;
				LastSwiftUpdateCheck = 1400;
				LastUpgradeCheck = 1400;
				TargetAttributes = {
					84459D21294A8E0700429C3D = {
						CreatedOnToolsVersion = 14.0.1;
						LastSwiftMigration = 1400;
					};
				};
			};
			buildConfigurationList = 84459D1D294A8E0700429C3D /* Build configuration list for PBXProject "Shapify" */;
			compatibilityVersion = "Xcode 14.0";
			developmentRegion = en;
			hasScannedForEncodings = 0;
			knownRegions = (
				en,
				Base,
			);
			mainGroup = 84459D19294A8E0700429C3D;
			productRefGroup = 84459D23294A8E0700429C3D /* Products */;
			projectDirPath = "";
			projectRoot = "";
			targets = (
				84459D21294A8E0700429C3D /* Shapify */,
			);
		};
/* End PBXProject section */

/* Begin PBXResourcesBuildPhase section */
		84459D20294A8E0700429C3D /* Resources */ = {
			isa = PBXResourcesBuildPhase;
			buildActionMask = 2147483647;
			files = (
				84E6688F294B27B4002A1587 /* LaunchScreen.storyboard in Resources */,
				84E66890294B27B4002A1587 /* Main.storyboard in Resources */,
				84E66894294B285F002A1587 /* Spoof-Bold.ttf in Resources */,
				84459D4D294A8EEB00429C3D /* Assets.xcassets in Resources */,
				84E66893294B285F002A1587 /* Spoof-Regular.ttf in Resources */,
			);
			runOnlyForDeploymentPostprocessing = 0;
		};
/* End PBXResourcesBuildPhase section */

/* Begin PBXSourcesBuildPhase section */
		84459D1E294A8E0700429C3D /* Sources */ = {
			isa = PBXSourcesBuildPhase;
			buildActionMask = 2147483647;
			files = (
				84704DC62968B19F0008BF40 /* UIViewExtensions.swift in Sources */,
				84459D4E294A8EEB00429C3D /* AppDelegate.swift in Sources */,
				3A5610D72957A8C3005F9760 /* AuthManager.swift in Sources */,
				848BC8932958FFCC0090B4A8 /* PopupViewController.swift in Sources */,
				84459D49294A8EEB00429C3D /* Shapify.xcdatamodeld in Sources */,
				842E4CC1297304A900F4E230 /* AppTabBarController.swift in Sources */,
				8670D27829698A4100885A39 /* BaseViewController.swift in Sources */,
				848BC88F2958FAD00090B4A8 /* PopupView.swift in Sources */,
				84E66897294B28C6002A1587 /* FontExtensions.swift in Sources */,
				848BC8882958F9F70090B4A8 /* UIViewControllerExtensions.swift in Sources */,
				84704DC22968AD760008BF40 /* SignInViewController.swift in Sources */,
				848BC88A2958FA1E0090B4A8 /* NumberExtensions.swift in Sources */,
				848BC88C2958FA9D0090B4A8 /* Then.swift in Sources */,
				843EFC33296C647F00BBDF47 /* SearchViewController.swift in Sources */,
				843EFC35296C64F900BBDF47 /* SearchView.swift in Sources */,
				3A5610DF29587EE5005F9760 /* AuthResponse.swift in Sources */,
				3A5610E329588211005F9760 /* DummyViewController.swift in Sources */,
				8670D27529635F7600885A39 /* RoundedButtonExtension.swift in Sources */,
				3A5610DC29586F44005F9760 /* AuthViewController.swift in Sources */,
				843EFC37296C651100BBDF47 /* SearchViewModel.swift in Sources */,
				847C67F9296F82A9006CD678 /* CollectionViewController.swift in Sources */,
				84704DC42968AD9E0008BF40 /* SignInView.swift in Sources */,
				3A5610DA2957AE1F005F9760 /* Constants.swift in Sources */,
				84459D48294A8EEB00429C3D /* SceneDelegate.swift in Sources */,
				848BC8862958F5E90090B4A8 /* ColorExtensions.swift in Sources */,
				848BC8912958FAFA0090B4A8 /* BaseView.swift in Sources */,
			);
			runOnlyForDeploymentPostprocessing = 0;
		};
/* End PBXSourcesBuildPhase section */

/* Begin XCBuildConfiguration section */
		84459D37294A8E0900429C3D /* Debug */ = {
			isa = XCBuildConfiguration;
			buildSettings = {
				ALWAYS_SEARCH_USER_PATHS = NO;
				CLANG_ANALYZER_NONNULL = YES;
				CLANG_ANALYZER_NUMBER_OBJECT_CONVERSION = YES_AGGRESSIVE;
				CLANG_CXX_LANGUAGE_STANDARD = "gnu++20";
				CLANG_ENABLE_MODULES = YES;
				CLANG_ENABLE_OBJC_ARC = YES;
				CLANG_ENABLE_OBJC_WEAK = YES;
				CLANG_WARN_BLOCK_CAPTURE_AUTORELEASING = YES;
				CLANG_WARN_BOOL_CONVERSION = YES;
				CLANG_WARN_COMMA = YES;
				CLANG_WARN_CONSTANT_CONVERSION = YES;
				CLANG_WARN_DEPRECATED_OBJC_IMPLEMENTATIONS = YES;
				CLANG_WARN_DIRECT_OBJC_ISA_USAGE = YES_ERROR;
				CLANG_WARN_DOCUMENTATION_COMMENTS = YES;
				CLANG_WARN_EMPTY_BODY = YES;
				CLANG_WARN_ENUM_CONVERSION = YES;
				CLANG_WARN_INFINITE_RECURSION = YES;
				CLANG_WARN_INT_CONVERSION = YES;
				CLANG_WARN_NON_LITERAL_NULL_CONVERSION = YES;
				CLANG_WARN_OBJC_IMPLICIT_RETAIN_SELF = YES;
				CLANG_WARN_OBJC_LITERAL_CONVERSION = YES;
				CLANG_WARN_OBJC_ROOT_CLASS = YES_ERROR;
				CLANG_WARN_QUOTED_INCLUDE_IN_FRAMEWORK_HEADER = YES;
				CLANG_WARN_RANGE_LOOP_ANALYSIS = YES;
				CLANG_WARN_STRICT_PROTOTYPES = YES;
				CLANG_WARN_SUSPICIOUS_MOVE = YES;
				CLANG_WARN_UNGUARDED_AVAILABILITY = YES_AGGRESSIVE;
				CLANG_WARN_UNREACHABLE_CODE = YES;
				CLANG_WARN__DUPLICATE_METHOD_MATCH = YES;
				COPY_PHASE_STRIP = NO;
				DEBUG_INFORMATION_FORMAT = dwarf;
				ENABLE_STRICT_OBJC_MSGSEND = YES;
				ENABLE_TESTABILITY = YES;
				GCC_C_LANGUAGE_STANDARD = gnu11;
				GCC_DYNAMIC_NO_PIC = NO;
				GCC_NO_COMMON_BLOCKS = YES;
				GCC_OPTIMIZATION_LEVEL = 0;
				GCC_PREPROCESSOR_DEFINITIONS = (
					"DEBUG=1",
					"$(inherited)",
				);
				GCC_WARN_64_TO_32_BIT_CONVERSION = YES;
				GCC_WARN_ABOUT_RETURN_TYPE = YES_ERROR;
				GCC_WARN_UNDECLARED_SELECTOR = YES;
				GCC_WARN_UNINITIALIZED_AUTOS = YES_AGGRESSIVE;
				GCC_WARN_UNUSED_FUNCTION = YES;
				GCC_WARN_UNUSED_VARIABLE = YES;
				IPHONEOS_DEPLOYMENT_TARGET = 16.0;
				MTL_ENABLE_DEBUG_INFO = INCLUDE_SOURCE;
				MTL_FAST_MATH = YES;
				ONLY_ACTIVE_ARCH = YES;
				SDKROOT = iphoneos;
				SWIFT_ACTIVE_COMPILATION_CONDITIONS = DEBUG;
				SWIFT_OPTIMIZATION_LEVEL = "-Onone";
			};
			name = Debug;
		};
		84459D38294A8E0900429C3D /* Release */ = {
			isa = XCBuildConfiguration;
			buildSettings = {
				ALWAYS_SEARCH_USER_PATHS = NO;
				CLANG_ANALYZER_NONNULL = YES;
				CLANG_ANALYZER_NUMBER_OBJECT_CONVERSION = YES_AGGRESSIVE;
				CLANG_CXX_LANGUAGE_STANDARD = "gnu++20";
				CLANG_ENABLE_MODULES = YES;
				CLANG_ENABLE_OBJC_ARC = YES;
				CLANG_ENABLE_OBJC_WEAK = YES;
				CLANG_WARN_BLOCK_CAPTURE_AUTORELEASING = YES;
				CLANG_WARN_BOOL_CONVERSION = YES;
				CLANG_WARN_COMMA = YES;
				CLANG_WARN_CONSTANT_CONVERSION = YES;
				CLANG_WARN_DEPRECATED_OBJC_IMPLEMENTATIONS = YES;
				CLANG_WARN_DIRECT_OBJC_ISA_USAGE = YES_ERROR;
				CLANG_WARN_DOCUMENTATION_COMMENTS = YES;
				CLANG_WARN_EMPTY_BODY = YES;
				CLANG_WARN_ENUM_CONVERSION = YES;
				CLANG_WARN_INFINITE_RECURSION = YES;
				CLANG_WARN_INT_CONVERSION = YES;
				CLANG_WARN_NON_LITERAL_NULL_CONVERSION = YES;
				CLANG_WARN_OBJC_IMPLICIT_RETAIN_SELF = YES;
				CLANG_WARN_OBJC_LITERAL_CONVERSION = YES;
				CLANG_WARN_OBJC_ROOT_CLASS = YES_ERROR;
				CLANG_WARN_QUOTED_INCLUDE_IN_FRAMEWORK_HEADER = YES;
				CLANG_WARN_RANGE_LOOP_ANALYSIS = YES;
				CLANG_WARN_STRICT_PROTOTYPES = YES;
				CLANG_WARN_SUSPICIOUS_MOVE = YES;
				CLANG_WARN_UNGUARDED_AVAILABILITY = YES_AGGRESSIVE;
				CLANG_WARN_UNREACHABLE_CODE = YES;
				CLANG_WARN__DUPLICATE_METHOD_MATCH = YES;
				COPY_PHASE_STRIP = NO;
				DEBUG_INFORMATION_FORMAT = "dwarf-with-dsym";
				ENABLE_NS_ASSERTIONS = NO;
				ENABLE_STRICT_OBJC_MSGSEND = YES;
				GCC_C_LANGUAGE_STANDARD = gnu11;
				GCC_NO_COMMON_BLOCKS = YES;
				GCC_WARN_64_TO_32_BIT_CONVERSION = YES;
				GCC_WARN_ABOUT_RETURN_TYPE = YES_ERROR;
				GCC_WARN_UNDECLARED_SELECTOR = YES;
				GCC_WARN_UNINITIALIZED_AUTOS = YES_AGGRESSIVE;
				GCC_WARN_UNUSED_FUNCTION = YES;
				GCC_WARN_UNUSED_VARIABLE = YES;
				IPHONEOS_DEPLOYMENT_TARGET = 16.0;
				MTL_ENABLE_DEBUG_INFO = NO;
				MTL_FAST_MATH = YES;
				SDKROOT = iphoneos;
				SWIFT_COMPILATION_MODE = wholemodule;
				SWIFT_OPTIMIZATION_LEVEL = "-O";
				VALIDATE_PRODUCT = YES;
			};
			name = Release;
		};
		84459D3A294A8E0900429C3D /* Debug */ = {
			isa = XCBuildConfiguration;
			buildSettings = {
				ASSETCATALOG_COMPILER_APPICON_NAME = AppIcon;
				ASSETCATALOG_COMPILER_GLOBAL_ACCENT_COLOR_NAME = AccentColor;
				CLANG_ENABLE_MODULES = YES;
				CODE_SIGN_STYLE = Automatic;
				CURRENT_PROJECT_VERSION = 1;
				DEVELOPMENT_TEAM = 234FSJDL82;
				GENERATE_INFOPLIST_FILE = YES;
				INFOPLIST_FILE = Common/Info.plist;
				INFOPLIST_KEY_UIApplicationSupportsIndirectInputEvents = YES;
				INFOPLIST_KEY_UILaunchStoryboardName = LaunchScreen;
				INFOPLIST_KEY_UIMainStoryboardFile = Main;
				INFOPLIST_KEY_UISupportedInterfaceOrientations_iPad = "UIInterfaceOrientationPortrait UIInterfaceOrientationPortraitUpsideDown UIInterfaceOrientationLandscapeLeft UIInterfaceOrientationLandscapeRight";
				INFOPLIST_KEY_UISupportedInterfaceOrientations_iPhone = "UIInterfaceOrientationPortrait UIInterfaceOrientationLandscapeLeft UIInterfaceOrientationLandscapeRight";
				IPHONEOS_DEPLOYMENT_TARGET = 15.6;
				LD_RUNPATH_SEARCH_PATHS = (
					"$(inherited)",
					"@executable_path/Frameworks",
				);
				MARKETING_VERSION = 1.0;
				PRODUCT_BUNDLE_IDENTIFIER = com.p.Shapify;
				PRODUCT_NAME = "$(TARGET_NAME)";
				SWIFT_EMIT_LOC_STRINGS = YES;
				SWIFT_OPTIMIZATION_LEVEL = "-Onone";
				SWIFT_VERSION = 5.0;
				TARGETED_DEVICE_FAMILY = "1,2";
			};
			name = Debug;
		};
		84459D3B294A8E0900429C3D /* Release */ = {
			isa = XCBuildConfiguration;
			buildSettings = {
				ASSETCATALOG_COMPILER_APPICON_NAME = AppIcon;
				ASSETCATALOG_COMPILER_GLOBAL_ACCENT_COLOR_NAME = AccentColor;
				CLANG_ENABLE_MODULES = YES;
				CODE_SIGN_STYLE = Automatic;
				CURRENT_PROJECT_VERSION = 1;
				DEVELOPMENT_TEAM = 234FSJDL82;
				GENERATE_INFOPLIST_FILE = YES;
				INFOPLIST_FILE = Common/Info.plist;
				INFOPLIST_KEY_UIApplicationSupportsIndirectInputEvents = YES;
				INFOPLIST_KEY_UILaunchStoryboardName = LaunchScreen;
				INFOPLIST_KEY_UIMainStoryboardFile = Main;
				INFOPLIST_KEY_UISupportedInterfaceOrientations_iPad = "UIInterfaceOrientationPortrait UIInterfaceOrientationPortraitUpsideDown UIInterfaceOrientationLandscapeLeft UIInterfaceOrientationLandscapeRight";
				INFOPLIST_KEY_UISupportedInterfaceOrientations_iPhone = "UIInterfaceOrientationPortrait UIInterfaceOrientationLandscapeLeft UIInterfaceOrientationLandscapeRight";
				IPHONEOS_DEPLOYMENT_TARGET = 15.6;
				LD_RUNPATH_SEARCH_PATHS = (
					"$(inherited)",
					"@executable_path/Frameworks",
				);
				MARKETING_VERSION = 1.0;
				PRODUCT_BUNDLE_IDENTIFIER = com.p.Shapify;
				PRODUCT_NAME = "$(TARGET_NAME)";
				SWIFT_EMIT_LOC_STRINGS = YES;
				SWIFT_VERSION = 5.0;
				TARGETED_DEVICE_FAMILY = "1,2";
			};
			name = Release;
		};
/* End XCBuildConfiguration section */

/* Begin XCConfigurationList section */
		84459D1D294A8E0700429C3D /* Build configuration list for PBXProject "Shapify" */ = {
			isa = XCConfigurationList;
			buildConfigurations = (
				84459D37294A8E0900429C3D /* Debug */,
				84459D38294A8E0900429C3D /* Release */,
			);
			defaultConfigurationIsVisible = 0;
			defaultConfigurationName = Release;
		};
		84459D39294A8E0900429C3D /* Build configuration list for PBXNativeTarget "Shapify" */ = {
			isa = XCConfigurationList;
			buildConfigurations = (
				84459D3A294A8E0900429C3D /* Debug */,
				84459D3B294A8E0900429C3D /* Release */,
			);
			defaultConfigurationIsVisible = 0;
			defaultConfigurationName = Release;
		};
/* End XCConfigurationList section */

/* Begin XCVersionGroup section */
		84459D3D294A8EE900429C3D /* Shapify.xcdatamodeld */ = {
			isa = XCVersionGroup;
			children = (
				84459D3E294A8EE900429C3D /* Shapify.xcdatamodel */,
			);
			currentVersion = 84459D3E294A8EE900429C3D /* Shapify.xcdatamodel */;
			path = Shapify.xcdatamodeld;
			sourceTree = "<group>";
			versionGroupType = wrapper.xcdatamodel;
		};
/* End XCVersionGroup section */
	};
	rootObject = 84459D1A294A8E0700429C3D /* Project object */;
}
